
Microsoft Visual Studio Solution File, Format Version 12.00
# Visual Studio Version 17
VisualStudioVersion = 17.5.33424.131
MinimumVisualStudioVersion = 10.0.40219.1
Project("{FAE04EC0-301F-11D3-BF4B-00C04F79EFBC}") = "Koks-PM-V3.WPF", "Koks-PM-V3.WPF\Koks-PM-V3.WPF.csproj", "{D415CEBC-523F-4D23-B7E2-871B53358D96}"
EndProject
Project("{FAE04EC0-301F-11D3-BF4B-00C04F79EFBC}") = "Koks-PM-V3.Domain", "Koks-PM-V3.Domain\Koks-PM-V3.Domain.csproj", "{9DF7E2F8-7CA5-4269-BFC0-80A95AC686BC}"
EndProject
Project("{FAE04EC0-301F-11D3-BF4B-00C04F79EFBC}") = "Koks-PM-V3.EntityFramework", "Koks-PM-V3.EntityFramework\Koks-PM-V3.EntityFramework.csproj", "{8FDB65BF-1E4B-4CCB-8609-2F0C94E118EF}"
EndProject
Global
	GlobalSection(SolutionConfigurationPlatforms) = preSolution
		Debug|Any CPU = Debug|Any CPU
		Release|Any CPU = Release|Any CPU
	EndGlobalSection
	GlobalSection(ProjectConfigurationPlatforms) = postSolution
		{D415CEBC-523F-4D23-B7E2-871B53358D96}.Debug|Any CPU.ActiveCfg = Debug|Any CPU
		{D415CEBC-523F-4D23-B7E2-871B53358D96}.Debug|Any CPU.Build.0 = Debug|Any CPU
		{D415CEBC-523F-4D23-B7E2-871B53358D96}.Release|Any CPU.ActiveCfg = Release|Any CPU
		{D415CEBC-523F-4D23-B7E2-871B53358D96}.Release|Any CPU.Build.0 = Release|Any CPU
		{9DF7E2F8-7CA5-4269-BFC0-80A95AC686BC}.Debug|Any CPU.ActiveCfg = Debug|Any CPU
		{9DF7E2F8-7CA5-4269-BFC0-80A95AC686BC}.Debug|Any CPU.Build.0 = Debug|Any CPU
		{9DF7E2F8-7CA5-4269-BFC0-80A95AC686BC}.Release|Any CPU.ActiveCfg = Release|Any CPU
		{9DF7E2F8-7CA5-4269-BFC0-80A95AC686BC}.Release|Any CPU.Build.0 = Release|Any CPU
		{8FDB65BF-1E4B-4CCB-8609-2F0C94E118EF}.Debug|Any CPU.ActiveCfg = Debug|Any CPU
		{8FDB65BF-1E4B-4CCB-8609-2F0C94E118EF}.Debug|Any CPU.Build.0 = Debug|Any CPU
		{8FDB65BF-1E4B-4CCB-8609-2F0C94E118EF}.Release|Any CPU.ActiveCfg = Release|Any CPU
		{8FDB65BF-1E4B-4CCB-8609-2F0C94E118EF}.Release|Any CPU.Build.0 = Release|Any CPU
	EndGlobalSection
	GlobalSection(SolutionProperties) = preSolution
		HideSolutionNode = FALSE
	EndGlobalSection
	GlobalSection(ExtensibilityGlobals) = postSolution
		SolutionGuid = {F51C355E-4A8C-478F-A35C-6E997864B76D}
	EndGlobalSection
EndGlobal
